[[package]]
name = "board.aleo"
location = "local"
path = "/home/robert/work/aleo/aleo-battship/battleship/board"
checksum = "10db510eec882d98f94a64219cb1b3e51efa5f2c3c80383d4b0bded07744f0da"
dependencies = []

[[package]]
name = "move.aleo"
location = "local"
path = "/home/robert/work/aleo/aleo-battship/battleship/move"
checksum = "7d9fef5fe083eb24376e63935855e4ec709c17fb5ee46a0bb4594b0f9ef8eb08"
dependencies = []

[[package]]
name = "verify.aleo"
location = "local"
path = "/home/robert/work/aleo/aleo-battship/battleship/verify"
checksum = "3b6ad6df35ec3f8a20e770f346dc0c201b1a71c8511785faf82150402530c6b2"
dependencies = []
